// !$*UTF8*$!
{
	archiveVersion = 1;
	classes = {
	};
	objectVersion = 46;
	objects = {

/* Begin PBXBuildFile section */
		04F626C7C6EDC80593C87A8C /* Pods_PrototypeTests.framework in Frameworks */ = {isa = PBXBuildFile; fileRef = A37F84936F8FB36B0103D5D0 /* Pods_PrototypeTests.framework */; };
		113EE3921198E37CD4C77C53 /* Pods_Prototype.framework in Frameworks */ = {isa = PBXBuildFile; fileRef = 00A8322928CB1845FFF3731F /* Pods_Prototype.framework */; };
		4879C8DC211C14A300A914E4 /* FoundationExtensions.swift in Sources */ = {isa = PBXBuildFile; fileRef = 4879C8D7211C14A200A914E4 /* FoundationExtensions.swift */; };
		4879C8DD211C14A300A914E4 /* CustomFonts.swift in Sources */ = {isa = PBXBuildFile; fileRef = 4879C8D8211C14A200A914E4 /* CustomFonts.swift */; };
		4879C8DE211C14A300A914E4 /* UIKitExtensions.swift in Sources */ = {isa = PBXBuildFile; fileRef = 4879C8D9211C14A200A914E4 /* UIKitExtensions.swift */; };
		4879C8DF211C14A300A914E4 /* CGPointExtensions.swift in Sources */ = {isa = PBXBuildFile; fileRef = 4879C8DA211C14A200A914E4 /* CGPointExtensions.swift */; };
		4879C8E0211C14A300A914E4 /* ScreenScale.swift in Sources */ = {isa = PBXBuildFile; fileRef = 4879C8DB211C14A300A914E4 /* ScreenScale.swift */; };
		4879C8E8211C14C500A914E4 /* ALAnchor.swift in Sources */ = {isa = PBXBuildFile; fileRef = 4879C8E2211C14C400A914E4 /* ALAnchor.swift */; };
		4879C8E9211C14C500A914E4 /* ALAnchorInitializers.swift in Sources */ = {isa = PBXBuildFile; fileRef = 4879C8E3211C14C400A914E4 /* ALAnchorInitializers.swift */; };
		4879C8EA211C14C500A914E4 /* ALLayout.swift in Sources */ = {isa = PBXBuildFile; fileRef = 4879C8E4211C14C400A914E4 /* ALLayout.swift */; };
		4879C8EB211C14C500A914E4 /* AnchorDimension.swift in Sources */ = {isa = PBXBuildFile; fileRef = 4879C8E5211C14C400A914E4 /* AnchorDimension.swift */; };
		4879C8EC211C14C500A914E4 /* AnchorType.swift in Sources */ = {isa = PBXBuildFile; fileRef = 4879C8E6211C14C400A914E4 /* AnchorType.swift */; };
		4879C8ED211C14C500A914E4 /* AnchorProperty.swift in Sources */ = {isa = PBXBuildFile; fileRef = 4879C8E7211C14C500A914E4 /* AnchorProperty.swift */; };
		4879C8FC211C154E00A914E4 /* IBMPlexSans-Thin.ttf in Resources */ = {isa = PBXBuildFile; fileRef = 4879C8EE211C154600A914E4 /* IBMPlexSans-Thin.ttf */; };
		4879C8FD211C154E00A914E4 /* IBMPlexSans-Regular.ttf in Resources */ = {isa = PBXBuildFile; fileRef = 4879C8EF211C154600A914E4 /* IBMPlexSans-Regular.ttf */; };
		4879C8FE211C154E00A914E4 /* IBMPlexSans-SemiBold.ttf in Resources */ = {isa = PBXBuildFile; fileRef = 4879C8F0211C154700A914E4 /* IBMPlexSans-SemiBold.ttf */; };
		4879C8FF211C154E00A914E4 /* IBMPlexSans-Bold.ttf in Resources */ = {isa = PBXBuildFile; fileRef = 4879C8F1211C154700A914E4 /* IBMPlexSans-Bold.ttf */; };
		4879C900211C154E00A914E4 /* IBMPlexSans-ExtraLightItalic.ttf in Resources */ = {isa = PBXBuildFile; fileRef = 4879C8F2211C154700A914E4 /* IBMPlexSans-ExtraLightItalic.ttf */; };
		4879C901211C154E00A914E4 /* IBMPlexSans-ThinItalic.ttf in Resources */ = {isa = PBXBuildFile; fileRef = 4879C8F3211C154800A914E4 /* IBMPlexSans-ThinItalic.ttf */; };
		4879C902211C154E00A914E4 /* IBMPlexSans-BoldItalic.ttf in Resources */ = {isa = PBXBuildFile; fileRef = 4879C8F4211C154800A914E4 /* IBMPlexSans-BoldItalic.ttf */; };
		4879C903211C154E00A914E4 /* IBMPlexSans-LightItalic.ttf in Resources */ = {isa = PBXBuildFile; fileRef = 4879C8F5211C154900A914E4 /* IBMPlexSans-LightItalic.ttf */; };
		4879C904211C154E00A914E4 /* IBMPlexSans-Italic.ttf in Resources */ = {isa = PBXBuildFile; fileRef = 4879C8F6211C154900A914E4 /* IBMPlexSans-Italic.ttf */; };
		4879C905211C154E00A914E4 /* IBMPlexSans-MediumItalic.ttf in Resources */ = {isa = PBXBuildFile; fileRef = 4879C8F7211C154A00A914E4 /* IBMPlexSans-MediumItalic.ttf */; };
		4879C906211C154E00A914E4 /* IBMPlexSans-Light.ttf in Resources */ = {isa = PBXBuildFile; fileRef = 4879C8F8211C154A00A914E4 /* IBMPlexSans-Light.ttf */; };
		4879C907211C154E00A914E4 /* IBMPlexSans-Medium.ttf in Resources */ = {isa = PBXBuildFile; fileRef = 4879C8F9211C154B00A914E4 /* IBMPlexSans-Medium.ttf */; };
		4879C908211C154E00A914E4 /* IBMPlexSans-ExtraLight.ttf in Resources */ = {isa = PBXBuildFile; fileRef = 4879C8FA211C154B00A914E4 /* IBMPlexSans-ExtraLight.ttf */; };
		4879C909211C154E00A914E4 /* IBMPlexSans-SemiBoldItalic.ttf in Resources */ = {isa = PBXBuildFile; fileRef = 4879C8FB211C154B00A914E4 /* IBMPlexSans-SemiBoldItalic.ttf */; };
		4879C90B211C1A4200A914E4 /* GoogleService-Info.plist in Resources */ = {isa = PBXBuildFile; fileRef = 4879C90A211C1A4100A914E4 /* GoogleService-Info.plist */; };
		4879C90D211C1CD500A914E4 /* LoginTextField.swift in Sources */ = {isa = PBXBuildFile; fileRef = 4879C90C211C1CD500A914E4 /* LoginTextField.swift */; };
		4879C90F211C1E1B00A914E4 /* BlackButton.swift in Sources */ = {isa = PBXBuildFile; fileRef = 4879C90E211C1E1B00A914E4 /* BlackButton.swift */; };
		4879C913211C348700A914E4 /* RegisterView.swift in Sources */ = {isa = PBXBuildFile; fileRef = 4879C912211C348700A914E4 /* RegisterView.swift */; };
		4879C915211C361C00A914E4 /* LoginView.swift in Sources */ = {isa = PBXBuildFile; fileRef = 4879C914211C361C00A914E4 /* LoginView.swift */; };
		4879C917211C3BDC00A914E4 /* TaskCell.swift in Sources */ = {isa = PBXBuildFile; fileRef = 4879C916211C3BDC00A914E4 /* TaskCell.swift */; };
		4879C919211C42DF00A914E4 /* RewardCell.swift in Sources */ = {isa = PBXBuildFile; fileRef = 4879C918211C42DF00A914E4 /* RewardCell.swift */; };
		4879C91B211C457200A914E4 /* ShopViewController.swift in Sources */ = {isa = PBXBuildFile; fileRef = 4879C91A211C457200A914E4 /* ShopViewController.swift */; };
		79083E7D2110C1410044B2F9 /* RegisterViewController.swift in Sources */ = {isa = PBXBuildFile; fileRef = 79083E7C2110C1410044B2F9 /* RegisterViewController.swift */; };
		79083E7F2115FA8C0044B2F9 /* HomeViewController.swift in Sources */ = {isa = PBXBuildFile; fileRef = 79083E7E2115FA8C0044B2F9 /* HomeViewController.swift */; };
		79083E81211629AA0044B2F9 /* ResetPasswordViewController.swift in Sources */ = {isa = PBXBuildFile; fileRef = 79083E80211629AA0044B2F9 /* ResetPasswordViewController.swift */; };
		79083E8321164F5F0044B2F9 /* SettingsViewController.swift in Sources */ = {isa = PBXBuildFile; fileRef = 79083E8221164F5F0044B2F9 /* SettingsViewController.swift */; };
		7927BD92210F42AD00DB21F2 /* AppDelegate.swift in Sources */ = {isa = PBXBuildFile; fileRef = 7927BD91210F42AD00DB21F2 /* AppDelegate.swift */; };
		7927BD94210F42AD00DB21F2 /* ViewController.swift in Sources */ = {isa = PBXBuildFile; fileRef = 7927BD93210F42AD00DB21F2 /* ViewController.swift */; };
		7927BD97210F42AD00DB21F2 /* Main.storyboard in Resources */ = {isa = PBXBuildFile; fileRef = 7927BD95210F42AD00DB21F2 /* Main.storyboard */; };
		7927BD99210F42AD00DB21F2 /* Assets.xcassets in Resources */ = {isa = PBXBuildFile; fileRef = 7927BD98210F42AD00DB21F2 /* Assets.xcassets */; };
		7927BD9C210F42AD00DB21F2 /* LaunchScreen.storyboard in Resources */ = {isa = PBXBuildFile; fileRef = 7927BD9A210F42AD00DB21F2 /* LaunchScreen.storyboard */; };
		7927BDA7210F42AD00DB21F2 /* PrototypeTests.swift in Sources */ = {isa = PBXBuildFile; fileRef = 7927BDA6210F42AD00DB21F2 /* PrototypeTests.swift */; };
		792D1E90211C0D0300F09140 /* ClassifyViewController.swift in Sources */ = {isa = PBXBuildFile; fileRef = 792D1E8F211C0D0200F09140 /* ClassifyViewController.swift */; };
		79D90065211776F8002F6128 /* InfoViewController.swift in Sources */ = {isa = PBXBuildFile; fileRef = 79D90064211776F8002F6128 /* InfoViewController.swift */; };
		79DC9210210FA407006C9D81 /* LoginViewController.swift in Sources */ = {isa = PBXBuildFile; fileRef = 79DC920F210FA407006C9D81 /* LoginViewController.swift */; };
/* End PBXBuildFile section */

/* Begin PBXContainerItemProxy section */
		7927BDA3210F42AD00DB21F2 /* PBXContainerItemProxy */ = {
			isa = PBXContainerItemProxy;
			containerPortal = 7927BD86210F42AD00DB21F2 /* Project object */;
			proxyType = 1;
			remoteGlobalIDString = 7927BD8D210F42AD00DB21F2;
			remoteInfo = Prototype;
		};
/* End PBXContainerItemProxy section */

/* Begin PBXFileReference section */
		00A8322928CB1845FFF3731F /* Pods_Prototype.framework */ = {isa = PBXFileReference; explicitFileType = wrapper.framework; includeInIndex = 0; path = Pods_Prototype.framework; sourceTree = BUILT_PRODUCTS_DIR; };
		2ED46287BB49FCD702DA1072 /* Pods-Prototype.debug.xcconfig */ = {isa = PBXFileReference; includeInIndex = 1; lastKnownFileType = text.xcconfig; name = "Pods-Prototype.debug.xcconfig"; path = "Pods/Target Support Files/Pods-Prototype/Pods-Prototype.debug.xcconfig"; sourceTree = "<group>"; };
		4879C8D7211C14A200A914E4 /* FoundationExtensions.swift */ = {isa = PBXFileReference; fileEncoding = 4; lastKnownFileType = sourcecode.swift; path = FoundationExtensions.swift; sourceTree = "<group>"; };
		4879C8D8211C14A200A914E4 /* CustomFonts.swift */ = {isa = PBXFileReference; fileEncoding = 4; lastKnownFileType = sourcecode.swift; path = CustomFonts.swift; sourceTree = "<group>"; };
		4879C8D9211C14A200A914E4 /* UIKitExtensions.swift */ = {isa = PBXFileReference; fileEncoding = 4; lastKnownFileType = sourcecode.swift; path = UIKitExtensions.swift; sourceTree = "<group>"; };
		4879C8DA211C14A200A914E4 /* CGPointExtensions.swift */ = {isa = PBXFileReference; fileEncoding = 4; lastKnownFileType = sourcecode.swift; path = CGPointExtensions.swift; sourceTree = "<group>"; };
		4879C8DB211C14A300A914E4 /* ScreenScale.swift */ = {isa = PBXFileReference; fileEncoding = 4; lastKnownFileType = sourcecode.swift; path = ScreenScale.swift; sourceTree = "<group>"; };
		4879C8E2211C14C400A914E4 /* ALAnchor.swift */ = {isa = PBXFileReference; fileEncoding = 4; lastKnownFileType = sourcecode.swift; path = ALAnchor.swift; sourceTree = "<group>"; };
		4879C8E3211C14C400A914E4 /* ALAnchorInitializers.swift */ = {isa = PBXFileReference; fileEncoding = 4; lastKnownFileType = sourcecode.swift; path = ALAnchorInitializers.swift; sourceTree = "<group>"; };
		4879C8E4211C14C400A914E4 /* ALLayout.swift */ = {isa = PBXFileReference; fileEncoding = 4; lastKnownFileType = sourcecode.swift; path = ALLayout.swift; sourceTree = "<group>"; };
		4879C8E5211C14C400A914E4 /* AnchorDimension.swift */ = {isa = PBXFileReference; fileEncoding = 4; lastKnownFileType = sourcecode.swift; path = AnchorDimension.swift; sourceTree = "<group>"; };
		4879C8E6211C14C400A914E4 /* AnchorType.swift */ = {isa = PBXFileReference; fileEncoding = 4; lastKnownFileType = sourcecode.swift; path = AnchorType.swift; sourceTree = "<group>"; };
		4879C8E7211C14C500A914E4 /* AnchorProperty.swift */ = {isa = PBXFileReference; fileEncoding = 4; lastKnownFileType = sourcecode.swift; path = AnchorProperty.swift; sourceTree = "<group>"; };
		4879C8EE211C154600A914E4 /* IBMPlexSans-Thin.ttf */ = {isa = PBXFileReference; lastKnownFileType = file; path = "IBMPlexSans-Thin.ttf"; sourceTree = "<group>"; };
		4879C8EF211C154600A914E4 /* IBMPlexSans-Regular.ttf */ = {isa = PBXFileReference; lastKnownFileType = file; path = "IBMPlexSans-Regular.ttf"; sourceTree = "<group>"; };
		4879C8F0211C154700A914E4 /* IBMPlexSans-SemiBold.ttf */ = {isa = PBXFileReference; lastKnownFileType = file; path = "IBMPlexSans-SemiBold.ttf"; sourceTree = "<group>"; };
		4879C8F1211C154700A914E4 /* IBMPlexSans-Bold.ttf */ = {isa = PBXFileReference; lastKnownFileType = file; path = "IBMPlexSans-Bold.ttf"; sourceTree = "<group>"; };
		4879C8F2211C154700A914E4 /* IBMPlexSans-ExtraLightItalic.ttf */ = {isa = PBXFileReference; lastKnownFileType = file; path = "IBMPlexSans-ExtraLightItalic.ttf"; sourceTree = "<group>"; };
		4879C8F3211C154800A914E4 /* IBMPlexSans-ThinItalic.ttf */ = {isa = PBXFileReference; lastKnownFileType = file; path = "IBMPlexSans-ThinItalic.ttf"; sourceTree = "<group>"; };
		4879C8F4211C154800A914E4 /* IBMPlexSans-BoldItalic.ttf */ = {isa = PBXFileReference; lastKnownFileType = file; path = "IBMPlexSans-BoldItalic.ttf"; sourceTree = "<group>"; };
		4879C8F5211C154900A914E4 /* IBMPlexSans-LightItalic.ttf */ = {isa = PBXFileReference; lastKnownFileType = file; path = "IBMPlexSans-LightItalic.ttf"; sourceTree = "<group>"; };
		4879C8F6211C154900A914E4 /* IBMPlexSans-Italic.ttf */ = {isa = PBXFileReference; lastKnownFileType = file; path = "IBMPlexSans-Italic.ttf"; sourceTree = "<group>"; };
		4879C8F7211C154A00A914E4 /* IBMPlexSans-MediumItalic.ttf */ = {isa = PBXFileReference; lastKnownFileType = file; path = "IBMPlexSans-MediumItalic.ttf"; sourceTree = "<group>"; };
		4879C8F8211C154A00A914E4 /* IBMPlexSans-Light.ttf */ = {isa = PBXFileReference; lastKnownFileType = file; path = "IBMPlexSans-Light.ttf"; sourceTree = "<group>"; };
		4879C8F9211C154B00A914E4 /* IBMPlexSans-Medium.ttf */ = {isa = PBXFileReference; lastKnownFileType = file; path = "IBMPlexSans-Medium.ttf"; sourceTree = "<group>"; };
		4879C8FA211C154B00A914E4 /* IBMPlexSans-ExtraLight.ttf */ = {isa = PBXFileReference; lastKnownFileType = file; path = "IBMPlexSans-ExtraLight.ttf"; sourceTree = "<group>"; };
		4879C8FB211C154B00A914E4 /* IBMPlexSans-SemiBoldItalic.ttf */ = {isa = PBXFileReference; lastKnownFileType = file; path = "IBMPlexSans-SemiBoldItalic.ttf"; sourceTree = "<group>"; };
		4879C90A211C1A4100A914E4 /* GoogleService-Info.plist */ = {isa = PBXFileReference; fileEncoding = 4; lastKnownFileType = text.plist.xml; path = "GoogleService-Info.plist"; sourceTree = "<group>"; };
		4879C90C211C1CD500A914E4 /* LoginTextField.swift */ = {isa = PBXFileReference; lastKnownFileType = sourcecode.swift; path = LoginTextField.swift; sourceTree = "<group>"; };
		4879C90E211C1E1B00A914E4 /* BlackButton.swift */ = {isa = PBXFileReference; lastKnownFileType = sourcecode.swift; path = BlackButton.swift; sourceTree = "<group>"; };
		4879C912211C348700A914E4 /* RegisterView.swift */ = {isa = PBXFileReference; lastKnownFileType = sourcecode.swift; path = RegisterView.swift; sourceTree = "<group>"; };
		4879C914211C361C00A914E4 /* LoginView.swift */ = {isa = PBXFileReference; lastKnownFileType = sourcecode.swift; path = LoginView.swift; sourceTree = "<group>"; };
		4879C916211C3BDC00A914E4 /* TaskCell.swift */ = {isa = PBXFileReference; lastKnownFileType = sourcecode.swift; path = TaskCell.swift; sourceTree = "<group>"; };
		4879C918211C42DF00A914E4 /* RewardCell.swift */ = {isa = PBXFileReference; lastKnownFileType = sourcecode.swift; path = RewardCell.swift; sourceTree = "<group>"; };
		4879C91A211C457200A914E4 /* ShopViewController.swift */ = {isa = PBXFileReference; lastKnownFileType = sourcecode.swift; path = ShopViewController.swift; sourceTree = "<group>"; };
		5F3DC05FD0D3F39C50E970E8 /* Pods-Prototype.release.xcconfig */ = {isa = PBXFileReference; includeInIndex = 1; lastKnownFileType = text.xcconfig; name = "Pods-Prototype.release.xcconfig"; path = "Pods/Target Support Files/Pods-Prototype/Pods-Prototype.release.xcconfig"; sourceTree = "<group>"; };
		79083E7C2110C1410044B2F9 /* RegisterViewController.swift */ = {isa = PBXFileReference; fileEncoding = 4; lastKnownFileType = sourcecode.swift; path = RegisterViewController.swift; sourceTree = "<group>"; };
		79083E7E2115FA8C0044B2F9 /* HomeViewController.swift */ = {isa = PBXFileReference; fileEncoding = 4; lastKnownFileType = sourcecode.swift; path = HomeViewController.swift; sourceTree = "<group>"; };
		79083E80211629AA0044B2F9 /* ResetPasswordViewController.swift */ = {isa = PBXFileReference; fileEncoding = 4; lastKnownFileType = sourcecode.swift; path = ResetPasswordViewController.swift; sourceTree = "<group>"; };
		79083E8221164F5F0044B2F9 /* SettingsViewController.swift */ = {isa = PBXFileReference; fileEncoding = 4; lastKnownFileType = sourcecode.swift; path = SettingsViewController.swift; sourceTree = "<group>"; };
		7927BD8E210F42AD00DB21F2 /* Prototype.app */ = {isa = PBXFileReference; explicitFileType = wrapper.application; includeInIndex = 0; path = Prototype.app; sourceTree = BUILT_PRODUCTS_DIR; };
		7927BD91210F42AD00DB21F2 /* AppDelegate.swift */ = {isa = PBXFileReference; lastKnownFileType = sourcecode.swift; path = AppDelegate.swift; sourceTree = "<group>"; };
		7927BD93210F42AD00DB21F2 /* ViewController.swift */ = {isa = PBXFileReference; lastKnownFileType = sourcecode.swift; path = ViewController.swift; sourceTree = "<group>"; };
		7927BD96210F42AD00DB21F2 /* Base */ = {isa = PBXFileReference; lastKnownFileType = file.storyboard; name = Base; path = Base.lproj/Main.storyboard; sourceTree = "<group>"; };
		7927BD98210F42AD00DB21F2 /* Assets.xcassets */ = {isa = PBXFileReference; lastKnownFileType = folder.assetcatalog; path = Assets.xcassets; sourceTree = "<group>"; };
		7927BD9B210F42AD00DB21F2 /* Base */ = {isa = PBXFileReference; lastKnownFileType = file.storyboard; name = Base; path = Base.lproj/LaunchScreen.storyboard; sourceTree = "<group>"; };
		7927BD9D210F42AD00DB21F2 /* Info.plist */ = {isa = PBXFileReference; lastKnownFileType = text.plist.xml; path = Info.plist; sourceTree = "<group>"; };
		7927BDA2210F42AD00DB21F2 /* PrototypeTests.xctest */ = {isa = PBXFileReference; explicitFileType = wrapper.cfbundle; includeInIndex = 0; path = PrototypeTests.xctest; sourceTree = BUILT_PRODUCTS_DIR; };
		7927BDA6210F42AD00DB21F2 /* PrototypeTests.swift */ = {isa = PBXFileReference; lastKnownFileType = sourcecode.swift; path = PrototypeTests.swift; sourceTree = "<group>"; };
		7927BDA8210F42AD00DB21F2 /* Info.plist */ = {isa = PBXFileReference; lastKnownFileType = text.plist.xml; path = Info.plist; sourceTree = "<group>"; };
		792D1E8F211C0D0200F09140 /* ClassifyViewController.swift */ = {isa = PBXFileReference; fileEncoding = 4; lastKnownFileType = sourcecode.swift; path = ClassifyViewController.swift; sourceTree = "<group>"; };
		79D90064211776F8002F6128 /* InfoViewController.swift */ = {isa = PBXFileReference; fileEncoding = 4; lastKnownFileType = sourcecode.swift; path = InfoViewController.swift; sourceTree = "<group>"; };
		79DC920F210FA407006C9D81 /* LoginViewController.swift */ = {isa = PBXFileReference; fileEncoding = 4; lastKnownFileType = sourcecode.swift; path = LoginViewController.swift; sourceTree = "<group>"; };
		89844762D89C11937E48F822 /* Pods-PrototypeTests.debug.xcconfig */ = {isa = PBXFileReference; includeInIndex = 1; lastKnownFileType = text.xcconfig; name = "Pods-PrototypeTests.debug.xcconfig"; path = "Pods/Target Support Files/Pods-PrototypeTests/Pods-PrototypeTests.debug.xcconfig"; sourceTree = "<group>"; };
		A37F84936F8FB36B0103D5D0 /* Pods_PrototypeTests.framework */ = {isa = PBXFileReference; explicitFileType = wrapper.framework; includeInIndex = 0; path = Pods_PrototypeTests.framework; sourceTree = BUILT_PRODUCTS_DIR; };
		F09FDBCCF43069B652EFF6BF /* Pods-PrototypeTests.release.xcconfig */ = {isa = PBXFileReference; includeInIndex = 1; lastKnownFileType = text.xcconfig; name = "Pods-PrototypeTests.release.xcconfig"; path = "Pods/Target Support Files/Pods-PrototypeTests/Pods-PrototypeTests.release.xcconfig"; sourceTree = "<group>"; };
/* End PBXFileReference section */

/* Begin PBXFrameworksBuildPhase section */
		7927BD8B210F42AD00DB21F2 /* Frameworks */ = {
			isa = PBXFrameworksBuildPhase;
			buildActionMask = 2147483647;
			files = (
				113EE3921198E37CD4C77C53 /* Pods_Prototype.framework in Frameworks */,
			);
			runOnlyForDeploymentPostprocessing = 0;
		};
		7927BD9F210F42AD00DB21F2 /* Frameworks */ = {
			isa = PBXFrameworksBuildPhase;
			buildActionMask = 2147483647;
			files = (
				04F626C7C6EDC80593C87A8C /* Pods_PrototypeTests.framework in Frameworks */,
			);
			runOnlyForDeploymentPostprocessing = 0;
		};
/* End PBXFrameworksBuildPhase section */

/* Begin PBXGroup section */
		20739FB1C9A5979BF22F4AB7 /* Pods */ = {
			isa = PBXGroup;
			children = (
				2ED46287BB49FCD702DA1072 /* Pods-Prototype.debug.xcconfig */,
				5F3DC05FD0D3F39C50E970E8 /* Pods-Prototype.release.xcconfig */,
				89844762D89C11937E48F822 /* Pods-PrototypeTests.debug.xcconfig */,
				F09FDBCCF43069B652EFF6BF /* Pods-PrototypeTests.release.xcconfig */,
			);
			name = Pods;
			sourceTree = "<group>";
		};
		4879C8D6211C147F00A914E4 /* Utilities */ = {
			isa = PBXGroup;
			children = (
				4879C8E1211C14A500A914E4 /* ALLayout */,
				4879C8DA211C14A200A914E4 /* CGPointExtensions.swift */,
				4879C8D8211C14A200A914E4 /* CustomFonts.swift */,
				4879C8D7211C14A200A914E4 /* FoundationExtensions.swift */,
				4879C8DB211C14A300A914E4 /* ScreenScale.swift */,
				4879C8D9211C14A200A914E4 /* UIKitExtensions.swift */,
			);
			path = Utilities;
			sourceTree = "<group>";
		};
		4879C8E1211C14A500A914E4 /* ALLayout */ = {
			isa = PBXGroup;
			children = (
				4879C8E2211C14C400A914E4 /* ALAnchor.swift */,
				4879C8E3211C14C400A914E4 /* ALAnchorInitializers.swift */,
				4879C8E4211C14C400A914E4 /* ALLayout.swift */,
				4879C8E5211C14C400A914E4 /* AnchorDimension.swift */,
				4879C8E7211C14C500A914E4 /* AnchorProperty.swift */,
				4879C8E6211C14C400A914E4 /* AnchorType.swift */,
			);
			path = ALLayout;
			sourceTree = "<group>";
		};
		4879C910211C344900A914E4 /* CustomViews */ = {
			isa = PBXGroup;
			children = (
				4879C90C211C1CD500A914E4 /* LoginTextField.swift */,
				4879C916211C3BDC00A914E4 /* TaskCell.swift */,
				4879C918211C42DF00A914E4 /* RewardCell.swift */,
				4879C90E211C1E1B00A914E4 /* BlackButton.swift */,
			);
			path = CustomViews;
			sourceTree = "<group>";
		};
		7927BD85210F42AD00DB21F2 = {
			isa = PBXGroup;
			children = (
				4879C8F1211C154700A914E4 /* IBMPlexSans-Bold.ttf */,
				4879C8F4211C154800A914E4 /* IBMPlexSans-BoldItalic.ttf */,
				4879C8FA211C154B00A914E4 /* IBMPlexSans-ExtraLight.ttf */,
				4879C8F2211C154700A914E4 /* IBMPlexSans-ExtraLightItalic.ttf */,
				4879C8F6211C154900A914E4 /* IBMPlexSans-Italic.ttf */,
				4879C8F8211C154A00A914E4 /* IBMPlexSans-Light.ttf */,
				4879C8F5211C154900A914E4 /* IBMPlexSans-LightItalic.ttf */,
				4879C8F9211C154B00A914E4 /* IBMPlexSans-Medium.ttf */,
				4879C8F7211C154A00A914E4 /* IBMPlexSans-MediumItalic.ttf */,
				4879C8EF211C154600A914E4 /* IBMPlexSans-Regular.ttf */,
				4879C8F0211C154700A914E4 /* IBMPlexSans-SemiBold.ttf */,
				4879C8FB211C154B00A914E4 /* IBMPlexSans-SemiBoldItalic.ttf */,
				4879C8EE211C154600A914E4 /* IBMPlexSans-Thin.ttf */,
				4879C8F3211C154800A914E4 /* IBMPlexSans-ThinItalic.ttf */,
				7927BD90210F42AD00DB21F2 /* Prototype */,
				7927BDA5210F42AD00DB21F2 /* PrototypeTests */,
				7927BD8F210F42AD00DB21F2 /* Products */,
				20739FB1C9A5979BF22F4AB7 /* Pods */,
				805D38340F1C51B99E7C4CC7 /* Frameworks */,
			);
			sourceTree = "<group>";
		};
		7927BD8F210F42AD00DB21F2 /* Products */ = {
			isa = PBXGroup;
			children = (
				7927BD8E210F42AD00DB21F2 /* Prototype.app */,
				7927BDA2210F42AD00DB21F2 /* PrototypeTests.xctest */,
			);
			name = Products;
			sourceTree = "<group>";
		};
		7927BD90210F42AD00DB21F2 /* Prototype */ = {
			isa = PBXGroup;
			children = (
				79083E7C2110C1410044B2F9 /* RegisterViewController.swift */,
				7927BD91210F42AD00DB21F2 /* AppDelegate.swift */,
				7927BD93210F42AD00DB21F2 /* ViewController.swift */,
				4879C912211C348700A914E4 /* RegisterView.swift */,
				4879C914211C361C00A914E4 /* LoginView.swift */,
				4879C910211C344900A914E4 /* CustomViews */,
				7927BD95210F42AD00DB21F2 /* Main.storyboard */,
				792D1E8F211C0D0200F09140 /* ClassifyViewController.swift */,
				79D90064211776F8002F6128 /* InfoViewController.swift */,
				79083E8221164F5F0044B2F9 /* SettingsViewController.swift */,
				79083E7E2115FA8C0044B2F9 /* HomeViewController.swift */,
				4879C91A211C457200A914E4 /* ShopViewController.swift */,
				79DC920F210FA407006C9D81 /* LoginViewController.swift */,
				79083E80211629AA0044B2F9 /* ResetPasswordViewController.swift */,
				4879C8D6211C147F00A914E4 /* Utilities */,
				7927BD98210F42AD00DB21F2 /* Assets.xcassets */,
				7927BD9A210F42AD00DB21F2 /* LaunchScreen.storyboard */,
				7927BD9D210F42AD00DB21F2 /* Info.plist */,
				4879C90A211C1A4100A914E4 /* GoogleService-Info.plist */,
			);
			path = Prototype;
			sourceTree = "<group>";
		};
		7927BDA5210F42AD00DB21F2 /* PrototypeTests */ = {
			isa = PBXGroup;
			children = (
				7927BDA6210F42AD00DB21F2 /* PrototypeTests.swift */,
				7927BDA8210F42AD00DB21F2 /* Info.plist */,
			);
			path = PrototypeTests;
			sourceTree = "<group>";
		};
		805D38340F1C51B99E7C4CC7 /* Frameworks */ = {
			isa = PBXGroup;
			children = (
				00A8322928CB1845FFF3731F /* Pods_Prototype.framework */,
				A37F84936F8FB36B0103D5D0 /* Pods_PrototypeTests.framework */,
			);
			name = Frameworks;
			sourceTree = "<group>";
		};
/* End PBXGroup section */

/* Begin PBXNativeTarget section */
		7927BD8D210F42AD00DB21F2 /* Prototype */ = {
			isa = PBXNativeTarget;
			buildConfigurationList = 7927BDAB210F42AD00DB21F2 /* Build configuration list for PBXNativeTarget "Prototype" */;
			buildPhases = (
				9EC17F372D189E337EC5A9FD /* [CP] Check Pods Manifest.lock */,
				7927BD8A210F42AD00DB21F2 /* Sources */,
				7927BD8B210F42AD00DB21F2 /* Frameworks */,
				7927BD8C210F42AD00DB21F2 /* Resources */,
				014851631D5D5F33329DFC89 /* [CP] Embed Pods Frameworks */,
			);
			buildRules = (
			);
			dependencies = (
			);
			name = Prototype;
			productName = Prototype;
			productReference = 7927BD8E210F42AD00DB21F2 /* Prototype.app */;
			productType = "com.apple.product-type.application";
		};
		7927BDA1210F42AD00DB21F2 /* PrototypeTests */ = {
			isa = PBXNativeTarget;
			buildConfigurationList = 7927BDAE210F42AD00DB21F2 /* Build configuration list for PBXNativeTarget "PrototypeTests" */;
			buildPhases = (
				9F80A167541B4660C41A3361 /* [CP] Check Pods Manifest.lock */,
				7927BD9E210F42AD00DB21F2 /* Sources */,
				7927BD9F210F42AD00DB21F2 /* Frameworks */,
				7927BDA0210F42AD00DB21F2 /* Resources */,
			);
			buildRules = (
			);
			dependencies = (
				7927BDA4210F42AD00DB21F2 /* PBXTargetDependency */,
			);
			name = PrototypeTests;
			productName = PrototypeTests;
			productReference = 7927BDA2210F42AD00DB21F2 /* PrototypeTests.xctest */;
			productType = "com.apple.product-type.bundle.unit-test";
		};
/* End PBXNativeTarget section */

/* Begin PBXProject section */
		7927BD86210F42AD00DB21F2 /* Project object */ = {
			isa = PBXProject;
			attributes = {
				LastSwiftUpdateCheck = 0830;
				LastUpgradeCheck = 0830;
				ORGANIZATIONNAME = Rakeeb;
				TargetAttributes = {
					7927BD8D210F42AD00DB21F2 = {
						CreatedOnToolsVersion = 8.3.1;
						DevelopmentTeam = GP66P7566P;
						ProvisioningStyle = Automatic;
					};
					7927BDA1210F42AD00DB21F2 = {
						CreatedOnToolsVersion = 8.3.1;
						ProvisioningStyle = Automatic;
						TestTargetID = 7927BD8D210F42AD00DB21F2;
					};
				};
			};
			buildConfigurationList = 7927BD89210F42AD00DB21F2 /* Build configuration list for PBXProject "Prototype" */;
			compatibilityVersion = "Xcode 3.2";
			developmentRegion = English;
			hasScannedForEncodings = 0;
			knownRegions = (
				en,
				Base,
			);
			mainGroup = 7927BD85210F42AD00DB21F2;
			productRefGroup = 7927BD8F210F42AD00DB21F2 /* Products */;
			projectDirPath = "";
			projectRoot = "";
			targets = (
				7927BD8D210F42AD00DB21F2 /* Prototype */,
				7927BDA1210F42AD00DB21F2 /* PrototypeTests */,
			);
		};
/* End PBXProject section */

/* Begin PBXResourcesBuildPhase section */
		7927BD8C210F42AD00DB21F2 /* Resources */ = {
			isa = PBXResourcesBuildPhase;
			buildActionMask = 2147483647;
			files = (
				4879C902211C154E00A914E4 /* IBMPlexSans-BoldItalic.ttf in Resources */,
				7927BD9C210F42AD00DB21F2 /* LaunchScreen.storyboard in Resources */,
				4879C903211C154E00A914E4 /* IBMPlexSans-LightItalic.ttf in Resources */,
				4879C907211C154E00A914E4 /* IBMPlexSans-Medium.ttf in Resources */,
				4879C8FD211C154E00A914E4 /* IBMPlexSans-Regular.ttf in Resources */,
				4879C901211C154E00A914E4 /* IBMPlexSans-ThinItalic.ttf in Resources */,
				7927BD99210F42AD00DB21F2 /* Assets.xcassets in Resources */,
				4879C900211C154E00A914E4 /* IBMPlexSans-ExtraLightItalic.ttf in Resources */,
				4879C909211C154E00A914E4 /* IBMPlexSans-SemiBoldItalic.ttf in Resources */,
				4879C905211C154E00A914E4 /* IBMPlexSans-MediumItalic.ttf in Resources */,
				7927BD97210F42AD00DB21F2 /* Main.storyboard in Resources */,
				4879C8FC211C154E00A914E4 /* IBMPlexSans-Thin.ttf in Resources */,
				4879C8FE211C154E00A914E4 /* IBMPlexSans-SemiBold.ttf in Resources */,
				4879C906211C154E00A914E4 /* IBMPlexSans-Light.ttf in Resources */,
				4879C908211C154E00A914E4 /* IBMPlexSans-ExtraLight.ttf in Resources */,
				4879C90B211C1A4200A914E4 /* GoogleService-Info.plist in Resources */,
				4879C8FF211C154E00A914E4 /* IBMPlexSans-Bold.ttf in Resources */,
				4879C904211C154E00A914E4 /* IBMPlexSans-Italic.ttf in Resources */,
			);
			runOnlyForDeploymentPostprocessing = 0;
		};
		7927BDA0210F42AD00DB21F2 /* Resources */ = {
			isa = PBXResourcesBuildPhase;
			buildActionMask = 2147483647;
			files = (
			);
			runOnlyForDeploymentPostprocessing = 0;
		};
/* End PBXResourcesBuildPhase section */

/* Begin PBXShellScriptBuildPhase section */
		014851631D5D5F33329DFC89 /* [CP] Embed Pods Frameworks */ = {
			isa = PBXShellScriptBuildPhase;
			buildActionMask = 2147483647;
			files = (
			);
			inputPaths = (
				"${SRCROOT}/Pods/Target Support Files/Pods-Prototype/Pods-Prototype-frameworks.sh",
				"${BUILT_PRODUCTS_DIR}/BoringSSL/openssl.framework",
				"${BUILT_PRODUCTS_DIR}/GTMSessionFetcher/GTMSessionFetcher.framework",
				"${BUILT_PRODUCTS_DIR}/GoogleUtilities/GoogleUtilities.framework",
				"${BUILT_PRODUCTS_DIR}/Protobuf/Protobuf.framework",
				"${BUILT_PRODUCTS_DIR}/gRPC/GRPCClient.framework",
				"${BUILT_PRODUCTS_DIR}/gRPC-Core/grpc.framework",
				"${BUILT_PRODUCTS_DIR}/gRPC-ProtoRPC/ProtoRPC.framework",
				"${BUILT_PRODUCTS_DIR}/gRPC-RxLibrary/RxLibrary.framework",
				"${BUILT_PRODUCTS_DIR}/leveldb-library/leveldb.framework",
				"${BUILT_PRODUCTS_DIR}/nanopb/nanopb.framework",
			);
			name = "[CP] Embed Pods Frameworks";
			outputPaths = (
				"${TARGET_BUILD_DIR}/${FRAMEWORKS_FOLDER_PATH}/openssl.framework",
				"${TARGET_BUILD_DIR}/${FRAMEWORKS_FOLDER_PATH}/GTMSessionFetcher.framework",
				"${TARGET_BUILD_DIR}/${FRAMEWORKS_FOLDER_PATH}/GoogleUtilities.framework",
				"${TARGET_BUILD_DIR}/${FRAMEWORKS_FOLDER_PATH}/Protobuf.framework",
				"${TARGET_BUILD_DIR}/${FRAMEWORKS_FOLDER_PATH}/GRPCClient.framework",
				"${TARGET_BUILD_DIR}/${FRAMEWORKS_FOLDER_PATH}/grpc.framework",
				"${TARGET_BUILD_DIR}/${FRAMEWORKS_FOLDER_PATH}/ProtoRPC.framework",
				"${TARGET_BUILD_DIR}/${FRAMEWORKS_FOLDER_PATH}/RxLibrary.framework",
				"${TARGET_BUILD_DIR}/${FRAMEWORKS_FOLDER_PATH}/leveldb.framework",
				"${TARGET_BUILD_DIR}/${FRAMEWORKS_FOLDER_PATH}/nanopb.framework",
			);
			runOnlyForDeploymentPostprocessing = 0;
			shellPath = /bin/sh;
			shellScript = "\"${SRCROOT}/Pods/Target Support Files/Pods-Prototype/Pods-Prototype-frameworks.sh\"\n";
			showEnvVarsInLog = 0;
		};
		9EC17F372D189E337EC5A9FD /* [CP] Check Pods Manifest.lock */ = {
			isa = PBXShellScriptBuildPhase;
			buildActionMask = 2147483647;
			files = (
			);
			inputPaths = (
				"${PODS_PODFILE_DIR_PATH}/Podfile.lock",
				"${PODS_ROOT}/Manifest.lock",
			);
			name = "[CP] Check Pods Manifest.lock";
			outputPaths = (
				"$(DERIVED_FILE_DIR)/Pods-Prototype-checkManifestLockResult.txt",
			);
			runOnlyForDeploymentPostprocessing = 0;
			shellPath = /bin/sh;
			shellScript = "diff \"${PODS_PODFILE_DIR_PATH}/Podfile.lock\" \"${PODS_ROOT}/Manifest.lock\" > /dev/null\nif [ $? != 0 ] ; then\n    # print error to STDERR\n    echo \"error: The sandbox is not in sync with the Podfile.lock. Run 'pod install' or update your CocoaPods installation.\" >&2\n    exit 1\nfi\n# This output is used by Xcode 'outputs' to avoid re-running this script phase.\necho \"SUCCESS\" > \"${SCRIPT_OUTPUT_FILE_0}\"\n";
			showEnvVarsInLog = 0;
		};
		9F80A167541B4660C41A3361 /* [CP] Check Pods Manifest.lock */ = {
			isa = PBXShellScriptBuildPhase;
			buildActionMask = 2147483647;
			files = (
			);
			inputPaths = (
				"${PODS_PODFILE_DIR_PATH}/Podfile.lock",
				"${PODS_ROOT}/Manifest.lock",
			);
			name = "[CP] Check Pods Manifest.lock";
			outputPaths = (
				"$(DERIVED_FILE_DIR)/Pods-PrototypeTests-checkManifestLockResult.txt",
			);
			runOnlyForDeploymentPostprocessing = 0;
			shellPath = /bin/sh;
			shellScript = "diff \"${PODS_PODFILE_DIR_PATH}/Podfile.lock\" \"${PODS_ROOT}/Manifest.lock\" > /dev/null\nif [ $? != 0 ] ; then\n    # print error to STDERR\n    echo \"error: The sandbox is not in sync with the Podfile.lock. Run 'pod install' or update your CocoaPods installation.\" >&2\n    exit 1\nfi\n# This output is used by Xcode 'outputs' to avoid re-running this script phase.\necho \"SUCCESS\" > \"${SCRIPT_OUTPUT_FILE_0}\"\n";
			showEnvVarsInLog = 0;
		};
/* End PBXShellScriptBuildPhase section */

/* Begin PBXSourcesBuildPhase section */
		7927BD8A210F42AD00DB21F2 /* Sources */ = {
			isa = PBXSourcesBuildPhase;
			buildActionMask = 2147483647;
			files = (
				4879C8E0211C14A300A914E4 /* ScreenScale.swift in Sources */,
				79083E7F2115FA8C0044B2F9 /* HomeViewController.swift in Sources */,
				79DC9210210FA407006C9D81 /* LoginViewController.swift in Sources */,
				4879C90F211C1E1B00A914E4 /* BlackButton.swift in Sources */,
				4879C8EB211C14C500A914E4 /* AnchorDimension.swift in Sources */,
				4879C8DE211C14A300A914E4 /* UIKitExtensions.swift in Sources */,
				4879C915211C361C00A914E4 /* LoginView.swift in Sources */,
				4879C8E9211C14C500A914E4 /* ALAnchorInitializers.swift in Sources */,
				792D1E90211C0D0300F09140 /* ClassifyViewController.swift in Sources */,
				4879C8EC211C14C500A914E4 /* AnchorType.swift in Sources */,
				4879C913211C348700A914E4 /* RegisterView.swift in Sources */,
				4879C8E8211C14C500A914E4 /* ALAnchor.swift in Sources */,
				79083E8321164F5F0044B2F9 /* SettingsViewController.swift in Sources */,
				4879C8EA211C14C500A914E4 /* ALLayout.swift in Sources */,
				7927BD94210F42AD00DB21F2 /* ViewController.swift in Sources */,
				79083E81211629AA0044B2F9 /* ResetPasswordViewController.swift in Sources */,
				4879C90D211C1CD500A914E4 /* LoginTextField.swift in Sources */,
				4879C8DC211C14A300A914E4 /* FoundationExtensions.swift in Sources */,
				7927BD92210F42AD00DB21F2 /* AppDelegate.swift in Sources */,
				4879C917211C3BDC00A914E4 /* TaskCell.swift in Sources */,
				4879C91B211C457200A914E4 /* ShopViewController.swift in Sources */,
				4879C8ED211C14C500A914E4 /* AnchorProperty.swift in Sources */,
				4879C8DD211C14A300A914E4 /* CustomFonts.swift in Sources */,
				79D90065211776F8002F6128 /* InfoViewController.swift in Sources */,
				4879C919211C42DF00A914E4 /* RewardCell.swift in Sources */,
				4879C8DF211C14A300A914E4 /* CGPointExtensions.swift in Sources */,
				79083E7D2110C1410044B2F9 /* RegisterViewController.swift in Sources */,
			);
			runOnlyForDeploymentPostprocessing = 0;
		};
		7927BD9E210F42AD00DB21F2 /* Sources */ = {
			isa = PBXSourcesBuildPhase;
			buildActionMask = 2147483647;
			files = (
				7927BDA7210F42AD00DB21F2 /* PrototypeTests.swift in Sources */,
			);
			runOnlyForDeploymentPostprocessing = 0;
		};
/* End PBXSourcesBuildPhase section */

/* Begin PBXTargetDependency section */
		7927BDA4210F42AD00DB21F2 /* PBXTargetDependency */ = {
			isa = PBXTargetDependency;
			target = 7927BD8D210F42AD00DB21F2 /* Prototype */;
			targetProxy = 7927BDA3210F42AD00DB21F2 /* PBXContainerItemProxy */;
		};
/* End PBXTargetDependency section */

/* Begin PBXVariantGroup section */
		7927BD95210F42AD00DB21F2 /* Main.storyboard */ = {
			isa = PBXVariantGroup;
			children = (
				7927BD96210F42AD00DB21F2 /* Base */,
			);
			name = Main.storyboard;
			sourceTree = "<group>";
		};
		7927BD9A210F42AD00DB21F2 /* LaunchScreen.storyboard */ = {
			isa = PBXVariantGroup;
			children = (
				7927BD9B210F42AD00DB21F2 /* Base */,
			);
			name = LaunchScreen.storyboard;
			sourceTree = "<group>";
		};
/* End PBXVariantGroup section */

/* Begin XCBuildConfiguration section */
		7927BDA9210F42AD00DB21F2 /* Debug */ = {
			isa = XCBuildConfiguration;
			buildSettings = {
				ALWAYS_SEARCH_USER_PATHS = NO;
				CLANG_ANALYZER_NONNULL = YES;
				CLANG_ANALYZER_NUMBER_OBJECT_CONVERSION = YES_AGGRESSIVE;
				CLANG_CXX_LANGUAGE_STANDARD = "gnu++0x";
				CLANG_CXX_LIBRARY = "libc++";
				CLANG_ENABLE_MODULES = YES;
				CLANG_ENABLE_OBJC_ARC = YES;
				CLANG_WARN_BOOL_CONVERSION = YES;
				CLANG_WARN_CONSTANT_CONVERSION = YES;
				CLANG_WARN_DIRECT_OBJC_ISA_USAGE = YES_ERROR;
				CLANG_WARN_DOCUMENTATION_COMMENTS = YES;
				CLANG_WARN_EMPTY_BODY = YES;
				CLANG_WARN_ENUM_CONVERSION = YES;
				CLANG_WARN_INFINITE_RECURSION = YES;
				CLANG_WARN_INT_CONVERSION = YES;
				CLANG_WARN_OBJC_ROOT_CLASS = YES_ERROR;
				CLANG_WARN_SUSPICIOUS_MOVE = YES;
				CLANG_WARN_UNREACHABLE_CODE = YES;
				CLANG_WARN__DUPLICATE_METHOD_MATCH = YES;
				"CODE_SIGN_IDENTITY[sdk=iphoneos*]" = "iPhone Developer";
				COPY_PHASE_STRIP = NO;
				DEBUG_INFORMATION_FORMAT = dwarf;
				ENABLE_STRICT_OBJC_MSGSEND = YES;
				ENABLE_TESTABILITY = YES;
				GCC_C_LANGUAGE_STANDARD = gnu99;
				GCC_DYNAMIC_NO_PIC = NO;
				GCC_NO_COMMON_BLOCKS = YES;
				GCC_OPTIMIZATION_LEVEL = 0;
				GCC_PREPROCESSOR_DEFINITIONS = (
					"DEBUG=1",
					"$(inherited)",
				);
				GCC_WARN_64_TO_32_BIT_CONVERSION = YES;
				GCC_WARN_ABOUT_RETURN_TYPE = YES_ERROR;
				GCC_WARN_UNDECLARED_SELECTOR = YES;
				GCC_WARN_UNINITIALIZED_AUTOS = YES_AGGRESSIVE;
				GCC_WARN_UNUSED_FUNCTION = YES;
				GCC_WARN_UNUSED_VARIABLE = YES;
				IPHONEOS_DEPLOYMENT_TARGET = 10.3;
				MTL_ENABLE_DEBUG_INFO = YES;
				ONLY_ACTIVE_ARCH = YES;
				SDKROOT = iphoneos;
				SWIFT_ACTIVE_COMPILATION_CONDITIONS = DEBUG;
				SWIFT_OPTIMIZATION_LEVEL = "-Onone";
				TARGETED_DEVICE_FAMILY = "1,2";
			};
			name = Debug;
		};
		7927BDAA210F42AD00DB21F2 /* Release */ = {
			isa = XCBuildConfiguration;
			buildSettings = {
				ALWAYS_SEARCH_USER_PATHS = NO;
				CLANG_ANALYZER_NONNULL = YES;
				CLANG_ANALYZER_NUMBER_OBJECT_CONVERSION = YES_AGGRESSIVE;
				CLANG_CXX_LANGUAGE_STANDARD = "gnu++0x";
				CLANG_CXX_LIBRARY = "libc++";
				CLANG_ENABLE_MODULES = YES;
				CLANG_ENABLE_OBJC_ARC = YES;
				CLANG_WARN_BOOL_CONVERSION = YES;
				CLANG_WARN_CONSTANT_CONVERSION = YES;
				CLANG_WARN_DIRECT_OBJC_ISA_USAGE = YES_ERROR;
				CLANG_WARN_DOCUMENTATION_COMMENTS = YES;
				CLANG_WARN_EMPTY_BODY = YES;
				CLANG_WARN_ENUM_CONVERSION = YES;
				CLANG_WARN_INFINITE_RECURSION = YES;
				CLANG_WARN_INT_CONVERSION = YES;
				CLANG_WARN_OBJC_ROOT_CLASS = YES_ERROR;
				CLANG_WARN_SUSPICIOUS_MOVE = YES;
				CLANG_WARN_UNREACHABLE_CODE = YES;
				CLANG_WARN__DUPLICATE_METHOD_MATCH = YES;
				"CODE_SIGN_IDENTITY[sdk=iphoneos*]" = "iPhone Developer";
				COPY_PHASE_STRIP = NO;
				DEBUG_INFORMATION_FORMAT = "dwarf-with-dsym";
				ENABLE_NS_ASSERTIONS = NO;
				ENABLE_STRICT_OBJC_MSGSEND = YES;
				GCC_C_LANGUAGE_STANDARD = gnu99;
				GCC_NO_COMMON_BLOCKS = YES;
				GCC_WARN_64_TO_32_BIT_CONVERSION = YES;
				GCC_WARN_ABOUT_RETURN_TYPE = YES_ERROR;
				GCC_WARN_UNDECLARED_SELECTOR = YES;
				GCC_WARN_UNINITIALIZED_AUTOS = YES_AGGRESSIVE;
				GCC_WARN_UNUSED_FUNCTION = YES;
				GCC_WARN_UNUSED_VARIABLE = YES;
				IPHONEOS_DEPLOYMENT_TARGET = 10.3;
				MTL_ENABLE_DEBUG_INFO = NO;
				SDKROOT = iphoneos;
				SWIFT_OPTIMIZATION_LEVEL = "-Owholemodule";
				TARGETED_DEVICE_FAMILY = "1,2";
				VALIDATE_PRODUCT = YES;
			};
			name = Release;
		};
		7927BDAC210F42AD00DB21F2 /* Debug */ = {
			isa = XCBuildConfiguration;
			baseConfigurationReference = 2ED46287BB49FCD702DA1072 /* Pods-Prototype.debug.xcconfig */;
			buildSettings = {
				ASSETCATALOG_COMPILER_APPICON_NAME = AppIcon;
				DEVELOPMENT_TEAM = GP66P7566P;
				INFOPLIST_FILE = Prototype/Info.plist;
				LD_RUNPATH_SEARCH_PATHS = "$(inherited) @executable_path/Frameworks";
				PRODUCT_BUNDLE_IDENTIFIER = kevinbai.Notitia.Prototype;
				PRODUCT_NAME = "$(TARGET_NAME)";
				SWIFT_VERSION = 3.0;
				TARGETED_DEVICE_FAMILY = "1,2";
			};
			name = Debug;
		};
		7927BDAD210F42AD00DB21F2 /* Release */ = {
			isa = XCBuildConfiguration;
			baseConfigurationReference = 5F3DC05FD0D3F39C50E970E8 /* Pods-Prototype.release.xcconfig */;
			buildSettings = {
				ASSETCATALOG_COMPILER_APPICON_NAME = AppIcon;
				DEVELOPMENT_TEAM = GP66P7566P;
				INFOPLIST_FILE = Prototype/Info.plist;
				LD_RUNPATH_SEARCH_PATHS = "$(inherited) @executable_path/Frameworks";
				PRODUCT_BUNDLE_IDENTIFIER = kevinbai.Notitia.Prototype;
				PRODUCT_NAME = "$(TARGET_NAME)";
				SWIFT_VERSION = 3.0;
				TARGETED_DEVICE_FAMILY = "1,2";
			};
			name = Release;
		};
		7927BDAF210F42AD00DB21F2 /* Debug */ = {
			isa = XCBuildConfiguration;
			baseConfigurationReference = 89844762D89C11937E48F822 /* Pods-PrototypeTests.debug.xcconfig */;
			buildSettings = {
				ALWAYS_EMBED_SWIFT_STANDARD_LIBRARIES = YES;
				BUNDLE_LOADER = "$(TEST_HOST)";
				INFOPLIST_FILE = PrototypeTests/Info.plist;
				LD_RUNPATH_SEARCH_PATHS = "$(inherited) @executable_path/Frameworks @loader_path/Frameworks";
				PRODUCT_BUNDLE_IDENTIFIER = Notitia.PrototypeTests;
				PRODUCT_NAME = "$(TARGET_NAME)";
				SWIFT_VERSION = 3.0;
				TEST_HOST = "$(BUILT_PRODUCTS_DIR)/Prototype.app/Prototype";
			};
			name = Debug;
		};
		7927BDB0210F42AD00DB21F2 /* Release */ = {
			isa = XCBuildConfiguration;
			baseConfigurationReference = F09FDBCCF43069B652EFF6BF /* Pods-PrototypeTests.release.xcconfig */;
			buildSettings = {
				ALWAYS_EMBED_SWIFT_STANDARD_LIBRARIES = YES;
				BUNDLE_LOADER = "$(TEST_HOST)";
				INFOPLIST_FILE = PrototypeTests/Info.plist;
				LD_RUNPATH_SEARCH_PATHS = "$(inherited) @executable_path/Frameworks @loader_path/Frameworks";
				PRODUCT_BUNDLE_IDENTIFIER = Notitia.PrototypeTests;
				PRODUCT_NAME = "$(TARGET_NAME)";
				SWIFT_VERSION = 3.0;
				TEST_HOST = "$(BUILT_PRODUCTS_DIR)/Prototype.app/Prototype";
			};
			name = Release;
		};
/* End XCBuildConfiguration section */

/* Begin XCConfigurationList section */
		7927BD89210F42AD00DB21F2 /* Build configuration list for PBXProject "Prototype" */ = {
			isa = XCConfigurationList;
			buildConfigurations = (
				7927BDA9210F42AD00DB21F2 /* Debug */,
				7927BDAA210F42AD00DB21F2 /* Release */,
			);
			defaultConfigurationIsVisible = 0;
			defaultConfigurationName = Release;
		};
		7927BDAB210F42AD00DB21F2 /* Build configuration list for PBXNativeTarget "Prototype" */ = {
			isa = XCConfigurationList;
			buildConfigurations = (
				7927BDAC210F42AD00DB21F2 /* Debug */,
				7927BDAD210F42AD00DB21F2 /* Release */,
			);
			defaultConfigurationIsVisible = 0;
			defaultConfigurationName = Release;
		};
		7927BDAE210F42AD00DB21F2 /* Build configuration list for PBXNativeTarget "PrototypeTests" */ = {
			isa = XCConfigurationList;
			buildConfigurations = (
				7927BDAF210F42AD00DB21F2 /* Debug */,
				7927BDB0210F42AD00DB21F2 /* Release */,
			);
			defaultConfigurationIsVisible = 0;
			defaultConfigurationName = Release;
		};
/* End XCConfigurationList section */
	};
	rootObject = 7927BD86210F42AD00DB21F2 /* Project object */;
}
